
Microsoft Visual Studio Solution File, Format Version 12.00
# Visual Studio 15
VisualStudioVersion = 15.0.28010.2016
MinimumVisualStudioVersion = 10.0.40219.1
Project("{FAE04EC0-301F-11D3-BF4B-00C04F79EFBC}") = "5-3Radix", "5-3Radix\5-3Radix.csproj", "{E42BE4B1-DF65-4A61-B56E-EC11412E922E}"
EndProject
Global
	GlobalSection(SolutionConfigurationPlatforms) = preSolution
		Debug|Any CPU = Debug|Any CPU
		Release|Any CPU = Release|Any CPU
	EndGlobalSection
	GlobalSection(ProjectConfigurationPlatforms) = postSolution
		{E42BE4B1-DF65-4A61-B56E-EC11412E922E}.Debug|Any CPU.ActiveCfg = Debug|Any CPU
		{E42BE4B1-DF65-4A61-B56E-EC11412E922E}.Debug|Any CPU.Build.0 = Debug|Any CPU
		{E42BE4B1-DF65-4A61-B56E-EC11412E922E}.Release|Any CPU.ActiveCfg = Release|Any CPU
		{E42BE4B1-DF65-4A61-B56E-EC11412E922E}.Release|Any CPU.Build.0 = Release|Any CPU
	EndGlobalSection
	GlobalSection(SolutionProperties) = preSolution
		HideSolutionNode = FALSE
	EndGlobalSection
	GlobalSection(ExtensibilityGlobals) = postSolution
		SolutionGuid = {8921E9BB-9BB9-4989-8CDD-0F60379B8705}
	EndGlobalSection
EndGlobal
